{
  "name": "myapp",
  "version": "1.0.0",
  "lockfileVersion": 3,
  "requires": true,
  "packages": {
    "": {
      "name": "myapp",
      "version": "1.0.0",
      "license": "ISC",
      "dependencies": {
        "@matheuscbs/fluentsql": "^1.0.0"
      }
    },
    "node_modules/@matheuscbs/fluentsql": {
      "version": "1.1.0",
      "resolved": "https://registry.npmjs.org/@matheuscbs/fluentsql/-/fluentsql-1.1.0.tgz",
      "integrity": "sha512-qpQ8YhCMG+NB58rFS9md/lYiTJVQ4u+DKezQ9+IS5thiBl/r6pHgyyOIPNK4Z4oQgFMDdxvSBp6klFJRoIzGfA=="
    }
  }
}
